github.com/gopherjs/vecty v0.0.0-20190701174234-2b6fc20f8913 h1:h5R2K5Wqn5av3i4xHkyVgI2qCSbpJHAqqAkKpMPh0eE=
github.com/gopherjs/vecty v0.0.0-20190701174234-2b6fc20f8913/go.mod h1:Yd9AOfl6lN1BWnVnvaSBwKiTCAcnlIGGvdsODOOZ9RY=
github.com/tensorflow/tensorflow v1.14.0 h1:g0W2+f/RybcvmrTjPLTwXkfr/BsDGUd8FKT6ZzojOMo=
github.com/tensorflow/tensorflow v1.14.0/go.mod h1:itOSERT4trABok4UOoG+X4BoKds9F3rIsySdn+Lvu90=
